
Microsoft Visual Studio Solution File, Format Version 12.00
# Visual Studio Version 17
VisualStudioVersion = 17.0.31912.275
MinimumVisualStudioVersion = 10.0.40219.1
Project("{FAE04EC0-301F-11D3-BF4B-00C04F79EFBC}") = "CSharpLibraryForExcel", "CSharpLibraryForExcel\CSharpLibraryForExcel.csproj", "{C2CB3500-A206-4F52-99FD-618ECE05BC70}"
EndProject
Global
	GlobalSection(SolutionConfigurationPlatforms) = preSolution
		Debug|Any CPU = Debug|Any CPU
		Release|Any CPU = Release|Any CPU
	EndGlobalSection
	GlobalSection(ProjectConfigurationPlatforms) = postSolution
		{C2CB3500-A206-4F52-99FD-618ECE05BC70}.Debug|Any CPU.ActiveCfg = Debug|Any CPU
		{C2CB3500-A206-4F52-99FD-618ECE05BC70}.Debug|Any CPU.Build.0 = Debug|Any CPU
		{C2CB3500-A206-4F52-99FD-618ECE05BC70}.Release|Any CPU.ActiveCfg = Release|Any CPU
		{C2CB3500-A206-4F52-99FD-618ECE05BC70}.Release|Any CPU.Build.0 = Release|Any CPU
	EndGlobalSection
	GlobalSection(SolutionProperties) = preSolution
		HideSolutionNode = FALSE
	EndGlobalSection
	GlobalSection(ExtensibilityGlobals) = postSolution
		SolutionGuid = {7D7A0394-3FDD-49EB-8416-6C73B5C627D9}
	EndGlobalSection
EndGlobal
